# THIS IS AN AUTOGENERATED FILE. DO NOT EDIT THIS FILE DIRECTLY.
# yarn lockfile v1


"@types/node@^13.7.4":
  version "13.7.4"
  resolved "https://registry.yarnpkg.com/@types/node/-/node-13.7.4.tgz#76c3cb3a12909510f52e5dc04a6298cdf9504ffd"
  integrity sha512-oVeL12C6gQS/GAExndigSaLxTrKpQPxewx9bOcwfvJiJge4rr7wNaph4J+ns5hrmIV2as5qxqN8YKthn9qh0jw==

"@types/vscode@^1.42.0":
  version "1.42.0"
  resolved "https://registry.yarnpkg.com/@types/vscode/-/vscode-1.42.0.tgz#0ad891a9487e91e34be7c56985058a179031eb76"
  integrity sha512-ds6TceMsh77Fs0Mq0Vap6Y72JbGWB8Bay4DrnJlf5d9ui2RSe1wis13oQm+XhguOeH1HUfLGzaDAoupTUtgabw==

typescript@^3.7.5:
  version "3.7.5"
  resolved "https://registry.yarnpkg.com/typescript/-/typescript-3.7.5.tgz#0692e21f65fd4108b9330238aac11dd2e177a1ae"
  integrity sha512-/P5lkRXkWHNAbcJIiHPfRoKqyd7bsyCma1hZNUGfn20qm64T6ZBlrzprymeu918H+mB/0rIg2gGK/BXkhhYgBw==
